{
  "version": "5",
  "specifiers": {
    "jsr:@jakeave/scripture-ref@^0.0.9": "0.0.9",
    "jsr:@std/assert@1": "1.0.13",
    "jsr:@std/dotenv@~0.225.5": "0.225.5",
    "jsr:@std/internal@^1.0.6": "1.0.6",
    "jsr:@std/ulid@1": "1.0.0",
    "npm:fastest-levenshtein@^1.0.16": "1.0.16"
  },
  "jsr": {
    "@jakeave/scripture-ref@0.0.9": {
      "integrity": "889ae9b16517aa57aec8e374c04d896b7390bbbb90af51870abc59d2fb0e4c31",
      "dependencies": [
        "npm:fastest-levenshtein"
      ]
    },
    "@std/assert@1.0.13": {
      "integrity": "ae0d31e41919b12c656c742b22522c32fb26ed0cba32975cb0de2a273cb68b29",
      "dependencies": [
        "jsr:@std/internal"
      ]
    },
    "@std/dotenv@0.225.5": {
      "integrity": "9ce6f9d0ec3311f74a32535aa1b8c62ed88b1ab91b7f0815797d77a6f60c922f"
    },
    "@std/internal@1.0.6": {
      "integrity": "9533b128f230f73bd209408bb07a4b12f8d4255ab2a4d22a1fd6d87304aca9a4"
    },
    "@std/ulid@1.0.0": {
      "integrity": "d41c3d27a907714413649fee864b7cde8d42ee68437d22b79d5de4f81d808780"
    }
  },
  "npm": {
    "fastest-levenshtein@1.0.16": {
      "integrity": "sha512-eRnCtTTtGZFpQCwhJiUOuxPQWRXVKYDn0b2PeHfXL6/Zi53SLAzAHfVhVWK2AryC/WH05kGfxhFIPvTF0SXQzg=="
    }
  },
  "workspace": {
    "dependencies": [
      "jsr:@jakeave/scripture-ref@^0.0.9",
      "jsr:@std/assert@1",
      "jsr:@std/dotenv@~0.225.5",
      "jsr:@std/ulid@1"
    ]
  }
}
